
Microsoft Visual Studio Solution File, Format Version 12.00
# Visual Studio Version 17
VisualStudioVersion = 17.4.33213.308
MinimumVisualStudioVersion = 10.0.40219.1
Project("{FAE04EC0-301F-11D3-BF4B-00C04F79EFBC}") = "library", "library\library.csproj", "{F13520FA-8473-4A16-BF09-473C0C4BA6CA}"
EndProject
Project("{FAE04EC0-301F-11D3-BF4B-00C04F79EFBC}") = "Library.DLL", "Library.DLL\Library.DLL.csproj", "{EE1D479A-91F8-4286-B74C-04C0C772C022}"
EndProject
Project("{FAE04EC0-301F-11D3-BF4B-00C04F79EFBC}") = "Library.BLL", "Library.BLL\Library.BLL.csproj", "{3B27A66A-5ABD-47C4-9713-458FFE2707CC}"
EndProject
Project("{FAE04EC0-301F-11D3-BF4B-00C04F79EFBC}") = "Library.Domain", "Library.Domain\Library.Domain.csproj", "{24995EDA-525E-444F-AAA1-90C8E20D016A}"
EndProject
Global
	GlobalSection(SolutionConfigurationPlatforms) = preSolution
		Debug|Any CPU = Debug|Any CPU
		Release|Any CPU = Release|Any CPU
	EndGlobalSection
	GlobalSection(ProjectConfigurationPlatforms) = postSolution
		{F13520FA-8473-4A16-BF09-473C0C4BA6CA}.Debug|Any CPU.ActiveCfg = Debug|Any CPU
		{F13520FA-8473-4A16-BF09-473C0C4BA6CA}.Debug|Any CPU.Build.0 = Debug|Any CPU
		{F13520FA-8473-4A16-BF09-473C0C4BA6CA}.Release|Any CPU.ActiveCfg = Release|Any CPU
		{F13520FA-8473-4A16-BF09-473C0C4BA6CA}.Release|Any CPU.Build.0 = Release|Any CPU
		{EE1D479A-91F8-4286-B74C-04C0C772C022}.Debug|Any CPU.ActiveCfg = Debug|Any CPU
		{EE1D479A-91F8-4286-B74C-04C0C772C022}.Debug|Any CPU.Build.0 = Debug|Any CPU
		{EE1D479A-91F8-4286-B74C-04C0C772C022}.Release|Any CPU.ActiveCfg = Release|Any CPU
		{EE1D479A-91F8-4286-B74C-04C0C772C022}.Release|Any CPU.Build.0 = Release|Any CPU
		{3B27A66A-5ABD-47C4-9713-458FFE2707CC}.Debug|Any CPU.ActiveCfg = Debug|Any CPU
		{3B27A66A-5ABD-47C4-9713-458FFE2707CC}.Debug|Any CPU.Build.0 = Debug|Any CPU
		{3B27A66A-5ABD-47C4-9713-458FFE2707CC}.Release|Any CPU.ActiveCfg = Release|Any CPU
		{3B27A66A-5ABD-47C4-9713-458FFE2707CC}.Release|Any CPU.Build.0 = Release|Any CPU
		{24995EDA-525E-444F-AAA1-90C8E20D016A}.Debug|Any CPU.ActiveCfg = Debug|Any CPU
		{24995EDA-525E-444F-AAA1-90C8E20D016A}.Debug|Any CPU.Build.0 = Debug|Any CPU
		{24995EDA-525E-444F-AAA1-90C8E20D016A}.Release|Any CPU.ActiveCfg = Release|Any CPU
		{24995EDA-525E-444F-AAA1-90C8E20D016A}.Release|Any CPU.Build.0 = Release|Any CPU
	EndGlobalSection
	GlobalSection(SolutionProperties) = preSolution
		HideSolutionNode = FALSE
	EndGlobalSection
	GlobalSection(ExtensibilityGlobals) = postSolution
		SolutionGuid = {0E59B084-01C8-49B3-9856-B391A6256C8D}
	EndGlobalSection
EndGlobal
